
Microsoft Visual Studio Solution File, Format Version 12.00
# Visual Studio Version 16
VisualStudioVersion = 16.0.29709.97
MinimumVisualStudioVersion = 10.0.40219.1
Project("{FAE04EC0-301F-11D3-BF4B-00C04F79EFBC}") = "OffersMicroservice", "OffersMicroservice.csproj", "{80A1211B-9025-4812-84B8-0D3917295175}"
EndProject
Global
	GlobalSection(SolutionConfigurationPlatforms) = preSolution
		Debug|Any CPU = Debug|Any CPU
		Release|Any CPU = Release|Any CPU
	EndGlobalSection
	GlobalSection(ProjectConfigurationPlatforms) = postSolution
		{80A1211B-9025-4812-84B8-0D3917295175}.Debug|Any CPU.ActiveCfg = Debug|Any CPU
		{80A1211B-9025-4812-84B8-0D3917295175}.Debug|Any CPU.Build.0 = Debug|Any CPU
		{80A1211B-9025-4812-84B8-0D3917295175}.Release|Any CPU.ActiveCfg = Release|Any CPU
		{80A1211B-9025-4812-84B8-0D3917295175}.Release|Any CPU.Build.0 = Release|Any CPU
	EndGlobalSection
	GlobalSection(SolutionProperties) = preSolution
		HideSolutionNode = FALSE
	EndGlobalSection
	GlobalSection(ExtensibilityGlobals) = postSolution
		SolutionGuid = {4DD179D9-AF3F-43C8-AA95-A13BC2A9CD0D}
	EndGlobalSection
EndGlobal
